// !$*UTF8*$!
{
	archiveVersion = 1;
	classes = {
	};
	objectVersion = 46;
	objects = {

/* Begin PBXBuildFile section */
		0F7BAA2F978AD6004CD766F0 /* Pods_DTMHeatmapSwift3.framework in Frameworks */ = {isa = PBXBuildFile; fileRef = A656EDD939B93A89A5A6A6C6 /* Pods_DTMHeatmapSwift3.framework */; };
		30CBBC7F1E8287D700286A75 /* AppDelegate.swift in Sources */ = {isa = PBXBuildFile; fileRef = 30CBBC7E1E8287D700286A75 /* AppDelegate.swift */; };
		30CBBC811E8287D700286A75 /* ViewController.swift in Sources */ = {isa = PBXBuildFile; fileRef = 30CBBC801E8287D700286A75 /* ViewController.swift */; };
		30CBBC841E8287D700286A75 /* Main.storyboard in Resources */ = {isa = PBXBuildFile; fileRef = 30CBBC821E8287D700286A75 /* Main.storyboard */; };
		30CBBC861E8287D700286A75 /* Assets.xcassets in Resources */ = {isa = PBXBuildFile; fileRef = 30CBBC851E8287D700286A75 /* Assets.xcassets */; };
		30CBBC891E8287D700286A75 /* LaunchScreen.storyboard in Resources */ = {isa = PBXBuildFile; fileRef = 30CBBC871E8287D700286A75 /* LaunchScreen.storyboard */; };
		30CBBC931E82C11700286A75 /* indiemap.json in Resources */ = {isa = PBXBuildFile; fileRef = 30CBBC921E82C11700286A75 /* indiemap.json */; };
/* End PBXBuildFile section */

/* Begin PBXFileReference section */
		30CBBC7B1E8287D700286A75 /* DTMHeatmapSwift3.app */ = {isa = PBXFileReference; explicitFileType = wrapper.application; includeInIndex = 0; path = DTMHeatmapSwift3.app; sourceTree = BUILT_PRODUCTS_DIR; };
		30CBBC7E1E8287D700286A75 /* AppDelegate.swift */ = {isa = PBXFileReference; lastKnownFileType = sourcecode.swift; path = AppDelegate.swift; sourceTree = "<group>"; };
		30CBBC801E8287D700286A75 /* ViewController.swift */ = {isa = PBXFileReference; lastKnownFileType = sourcecode.swift; path = ViewController.swift; sourceTree = "<group>"; };
		30CBBC831E8287D700286A75 /* Base */ = {isa = PBXFileReference; lastKnownFileType = file.storyboard; name = Base; path = Base.lproj/Main.storyboard; sourceTree = "<group>"; };
		30CBBC851E8287D700286A75 /* Assets.xcassets */ = {isa = PBXFileReference; lastKnownFileType = folder.assetcatalog; path = Assets.xcassets; sourceTree = "<group>"; };
		30CBBC881E8287D700286A75 /* Base */ = {isa = PBXFileReference; lastKnownFileType = file.storyboard; name = Base; path = Base.lproj/LaunchScreen.storyboard; sourceTree = "<group>"; };
		30CBBC8A1E8287D700286A75 /* Info.plist */ = {isa = PBXFileReference; lastKnownFileType = text.plist.xml; path = Info.plist; sourceTree = "<group>"; };
		30CBBC921E82C11700286A75 /* indiemap.json */ = {isa = PBXFileReference; fileEncoding = 4; lastKnownFileType = text.json; path = indiemap.json; sourceTree = "<group>"; };
		3A30B719D27F0E2FDC8732AE /* Pods-DTMHeatmapSwift3.debug.xcconfig */ = {isa = PBXFileReference; includeInIndex = 1; lastKnownFileType = text.xcconfig; name = "Pods-DTMHeatmapSwift3.debug.xcconfig"; path = "Pods/Target Support Files/Pods-DTMHeatmapSwift3/Pods-DTMHeatmapSwift3.debug.xcconfig"; sourceTree = "<group>"; };
		61C5B64CE41001ED9A4E8653 /* Pods-DTMHeatmapSwift3.release.xcconfig */ = {isa = PBXFileReference; includeInIndex = 1; lastKnownFileType = text.xcconfig; name = "Pods-DTMHeatmapSwift3.release.xcconfig"; path = "Pods/Target Support Files/Pods-DTMHeatmapSwift3/Pods-DTMHeatmapSwift3.release.xcconfig"; sourceTree = "<group>"; };
		A656EDD939B93A89A5A6A6C6 /* Pods_DTMHeatmapSwift3.framework */ = {isa = PBXFileReference; explicitFileType = wrapper.framework; includeInIndex = 0; path = Pods_DTMHeatmapSwift3.framework; sourceTree = BUILT_PRODUCTS_DIR; };
/* End PBXFileReference section */

/* Begin PBXFrameworksBuildPhase section */
		30CBBC781E8287D700286A75 /* Frameworks */ = {
			isa = PBXFrameworksBuildPhase;
			buildActionMask = 2147483647;
			files = (
				0F7BAA2F978AD6004CD766F0 /* Pods_DTMHeatmapSwift3.framework in Frameworks */,
			);
			runOnlyForDeploymentPostprocessing = 0;
		};
/* End PBXFrameworksBuildPhase section */

/* Begin PBXGroup section */
		30CBBC721E8287D700286A75 = {
			isa = PBXGroup;
			children = (
				30CBBC7D1E8287D700286A75 /* DTMHeatmapSwift3 */,
				30CBBC7C1E8287D700286A75 /* Products */,
				62A0EECBA593D9D56A0E12D1 /* Pods */,
				7532E585B70552347F2C7CDE /* Frameworks */,
			);
			sourceTree = "<group>";
		};
		30CBBC7C1E8287D700286A75 /* Products */ = {
			isa = PBXGroup;
			children = (
				30CBBC7B1E8287D700286A75 /* DTMHeatmapSwift3.app */,
			);
			name = Products;
			sourceTree = "<group>";
		};
		30CBBC7D1E8287D700286A75 /* DTMHeatmapSwift3 */ = {
			isa = PBXGroup;
			children = (
				30CBBC7E1E8287D700286A75 /* AppDelegate.swift */,
				30CBBC801E8287D700286A75 /* ViewController.swift */,
				30CBBC821E8287D700286A75 /* Main.storyboard */,
				30CBBC851E8287D700286A75 /* Assets.xcassets */,
				30CBBC871E8287D700286A75 /* LaunchScreen.storyboard */,
				30CBBC8A1E8287D700286A75 /* Info.plist */,
				30CBBC921E82C11700286A75 /* indiemap.json */,
			);
			path = DTMHeatmapSwift3;
			sourceTree = "<group>";
		};
		62A0EECBA593D9D56A0E12D1 /* Pods */ = {
			isa = PBXGroup;
			children = (
				3A30B719D27F0E2FDC8732AE /* Pods-DTMHeatmapSwift3.debug.xcconfig */,
				61C5B64CE41001ED9A4E8653 /* Pods-DTMHeatmapSwift3.release.xcconfig */,
			);
			name = Pods;
			sourceTree = "<group>";
		};
		7532E585B70552347F2C7CDE /* Frameworks */ = {
			isa = PBXGroup;
			children = (
				A656EDD939B93A89A5A6A6C6 /* Pods_DTMHeatmapSwift3.framework */,
			);
			name = Frameworks;
			sourceTree = "<group>";
		};
/* End PBXGroup section */

/* Begin PBXNativeTarget section */
		30CBBC7A1E8287D700286A75 /* DTMHeatmapSwift3 */ = {
			isa = PBXNativeTarget;
			buildConfigurationList = 30CBBC8D1E8287D700286A75 /* Build configuration list for PBXNativeTarget "DTMHeatmapSwift3" */;
			buildPhases = (
				DF05C4937809BA1B4F4D2236 /* [CP] Check Pods Manifest.lock */,
				30CBBC771E8287D700286A75 /* Sources */,
				30CBBC781E8287D700286A75 /* Frameworks */,
				30CBBC791E8287D700286A75 /* Resources */,
				D935D07C3818F5BC1A63D780 /* [CP] Embed Pods Frameworks */,
				1731036FC7442AB4E6281129 /* [CP] Copy Pods Resources */,
			);
			buildRules = (
			);
			dependencies = (
			);
			name = DTMHeatmapSwift3;
			productName = DTMHeatmapSwift3;
			productReference = 30CBBC7B1E8287D700286A75 /* DTMHeatmapSwift3.app */;
			productType = "com.apple.product-type.application";
		};
/* End PBXNativeTarget section */

/* Begin PBXProject section */
		30CBBC731E8287D700286A75 /* Project object */ = {
			isa = PBXProject;
			attributes = {
				LastSwiftUpdateCheck = 0820;
				LastUpgradeCheck = 0820;
				ORGANIZATIONNAME = apps0309;
				TargetAttributes = {
					30CBBC7A1E8287D700286A75 = {
						CreatedOnToolsVersion = 8.2;
						ProvisioningStyle = Manual;
					};
				};
			};
			buildConfigurationList = 30CBBC761E8287D700286A75 /* Build configuration list for PBXProject "DTMHeatmapSwift3" */;
			compatibilityVersion = "Xcode 3.2";
			developmentRegion = English;
			hasScannedForEncodings = 0;
			knownRegions = (
				en,
				Base,
			);
			mainGroup = 30CBBC721E8287D700286A75;
			productRefGroup = 30CBBC7C1E8287D700286A75 /* Products */;
			projectDirPath = "";
			projectRoot = "";
			targets = (
				30CBBC7A1E8287D700286A75 /* DTMHeatmapSwift3 */,
			);
		};
/* End PBXProject section */

/* Begin PBXResourcesBuildPhase section */
		30CBBC791E8287D700286A75 /* Resources */ = {
			isa = PBXResourcesBuildPhase;
			buildActionMask = 2147483647;
			files = (
				30CBBC931E82C11700286A75 /* indiemap.json in Resources */,
				30CBBC891E8287D700286A75 /* LaunchScreen.storyboard in Resources */,
				30CBBC861E8287D700286A75 /* Assets.xcassets in Resources */,
				30CBBC841E8287D700286A75 /* Main.storyboard in Resources */,
			);
			runOnlyForDeploymentPostprocessing = 0;
		};
/* End PBXResourcesBuildPhase section */

/* Begin PBXShellScriptBuildPhase section */
		1731036FC7442AB4E6281129 /* [CP] Copy Pods Resources */ = {
			isa = PBXShellScriptBuildPhase;
			buildActionMask = 2147483647;
			files = (
			);
			inputPaths = (
			);
			name = "[CP] Copy Pods Resources";
			outputPaths = (
			);
			runOnlyForDeploymentPostprocessing = 0;
			shellPath = /bin/sh;
			shellScript = "\"${SRCROOT}/Pods/Target Support Files/Pods-DTMHeatmapSwift3/Pods-DTMHeatmapSwift3-resources.sh\"\n";
			showEnvVarsInLog = 0;
		};
		D935D07C3818F5BC1A63D780 /* [CP] Embed Pods Frameworks */ = {
			isa = PBXShellScriptBuildPhase;
			buildActionMask = 2147483647;
			files = (
			);
			inputPaths = (
			);
			name = "[CP] Embed Pods Frameworks";
			outputPaths = (
			);
			runOnlyForDeploymentPostprocessing = 0;
			shellPath = /bin/sh;
			shellScript = "\"${SRCROOT}/Pods/Target Support Files/Pods-DTMHeatmapSwift3/Pods-DTMHeatmapSwift3-frameworks.sh\"\n";
			showEnvVarsInLog = 0;
		};
		DF05C4937809BA1B4F4D2236 /* [CP] Check Pods Manifest.lock */ = {
			isa = PBXShellScriptBuildPhase;
			buildActionMask = 2147483647;
			files = (
			);
			inputPaths = (
			);
			name = "[CP] Check Pods Manifest.lock";
			outputPaths = (
			);
			runOnlyForDeploymentPostprocessing = 0;
			shellPath = /bin/sh;
			shellScript = "diff \"${PODS_ROOT}/../Podfile.lock\" \"${PODS_ROOT}/Manifest.lock\" > /dev/null\nif [ $? != 0 ] ; then\n    # print error to STDERR\n    echo \"error: The sandbox is not in sync with the Podfile.lock. Run 'pod install' or update your CocoaPods installation.\" >&2\n    exit 1\nfi\n";
			showEnvVarsInLog = 0;
		};
/* End PBXShellScriptBuildPhase section */

/* Begin PBXSourcesBuildPhase section */
		30CBBC771E8287D700286A75 /* Sources */ = {
			isa = PBXSourcesBuildPhase;
			buildActionMask = 2147483647;
			files = (
				30CBBC811E8287D700286A75 /* ViewController.swift in Sources */,
				30CBBC7F1E8287D700286A75 /* AppDelegate.swift in Sources */,
			);
			runOnlyForDeploymentPostprocessing = 0;
		};
/* End PBXSourcesBuildPhase section */

/* Begin PBXVariantGroup section */
		30CBBC821E8287D700286A75 /* Main.storyboard */ = {
			isa = PBXVariantGroup;
			children = (
				30CBBC831E8287D700286A75 /* Base */,
			);
			name = Main.storyboard;
			sourceTree = "<group>";
		};
		30CBBC871E8287D700286A75 /* LaunchScreen.storyboard */ = {
			isa = PBXVariantGroup;
			children = (
				30CBBC881E8287D700286A75 /* Base */,
			);
			name = LaunchScreen.storyboard;
			sourceTree = "<group>";
		};
/* End PBXVariantGroup section */

/* Begin XCBuildConfiguration section */
		30CBBC8B1E8287D700286A75 /* Debug */ = {
			isa = XCBuildConfiguration;
			buildSettings = {
				ALWAYS_SEARCH_USER_PATHS = NO;
				CLANG_ANALYZER_NONNULL = YES;
				CLANG_CXX_LANGUAGE_STANDARD = "gnu++0x";
				CLANG_CXX_LIBRARY = "libc++";
				CLANG_ENABLE_MODULES = YES;
				CLANG_ENABLE_OBJC_ARC = YES;
				CLANG_WARN_BOOL_CONVERSION = YES;
				CLANG_WARN_CONSTANT_CONVERSION = YES;
				CLANG_WARN_DIRECT_OBJC_ISA_USAGE = YES_ERROR;
				CLANG_WARN_DOCUMENTATION_COMMENTS = YES;
				CLANG_WARN_EMPTY_BODY = YES;
				CLANG_WARN_ENUM_CONVERSION = YES;
				CLANG_WARN_INFINITE_RECURSION = YES;
				CLANG_WARN_INT_CONVERSION = YES;
				CLANG_WARN_OBJC_ROOT_CLASS = YES_ERROR;
				CLANG_WARN_SUSPICIOUS_MOVE = YES;
				CLANG_WARN_UNREACHABLE_CODE = YES;
				CLANG_WARN__DUPLICATE_METHOD_MATCH = YES;
				"CODE_SIGN_IDENTITY[sdk=iphoneos*]" = "iPhone Developer";
				COPY_PHASE_STRIP = NO;
				DEBUG_INFORMATION_FORMAT = dwarf;
				ENABLE_STRICT_OBJC_MSGSEND = YES;
				ENABLE_TESTABILITY = YES;
				GCC_C_LANGUAGE_STANDARD = gnu99;
				GCC_DYNAMIC_NO_PIC = NO;
				GCC_NO_COMMON_BLOCKS = YES;
				GCC_OPTIMIZATION_LEVEL = 0;
				GCC_PREPROCESSOR_DEFINITIONS = (
					"DEBUG=1",
					"$(inherited)",
				);
				GCC_WARN_64_TO_32_BIT_CONVERSION = YES;
				GCC_WARN_ABOUT_RETURN_TYPE = YES_ERROR;
				GCC_WARN_UNDECLARED_SELECTOR = YES;
				GCC_WARN_UNINITIALIZED_AUTOS = YES_AGGRESSIVE;
				GCC_WARN_UNUSED_FUNCTION = YES;
				GCC_WARN_UNUSED_VARIABLE = YES;
				IPHONEOS_DEPLOYMENT_TARGET = 9.0;
				MTL_ENABLE_DEBUG_INFO = YES;
				ONLY_ACTIVE_ARCH = YES;
				SDKROOT = iphoneos;
				SWIFT_ACTIVE_COMPILATION_CONDITIONS = DEBUG;
				SWIFT_OPTIMIZATION_LEVEL = "-Onone";
				TARGETED_DEVICE_FAMILY = "1,2";
			};
			name = Debug;
		};
		30CBBC8C1E8287D700286A75 /* Release */ = {
			isa = XCBuildConfiguration;
			buildSettings = {
				ALWAYS_SEARCH_USER_PATHS = NO;
				CLANG_ANALYZER_NONNULL = YES;
				CLANG_CXX_LANGUAGE_STANDARD = "gnu++0x";
				CLANG_CXX_LIBRARY = "libc++";
				CLANG_ENABLE_MODULES = YES;
				CLANG_ENABLE_OBJC_ARC = YES;
				CLANG_WARN_BOOL_CONVERSION = YES;
				CLANG_WARN_CONSTANT_CONVERSION = YES;
				CLANG_WARN_DIRECT_OBJC_ISA_USAGE = YES_ERROR;
				CLANG_WARN_DOCUMENTATION_COMMENTS = YES;
				CLANG_WARN_EMPTY_BODY = YES;
				CLANG_WARN_ENUM_CONVERSION = YES;
				CLANG_WARN_INFINITE_RECURSION = YES;
				CLANG_WARN_INT_CONVERSION = YES;
				CLANG_WARN_OBJC_ROOT_CLASS = YES_ERROR;
				CLANG_WARN_SUSPICIOUS_MOVE = YES;
				CLANG_WARN_UNREACHABLE_CODE = YES;
				CLANG_WARN__DUPLICATE_METHOD_MATCH = YES;
				"CODE_SIGN_IDENTITY[sdk=iphoneos*]" = "iPhone Developer";
				COPY_PHASE_STRIP = NO;
				DEBUG_INFORMATION_FORMAT = "dwarf-with-dsym";
				ENABLE_NS_ASSERTIONS = NO;
				ENABLE_STRICT_OBJC_MSGSEND = YES;
				GCC_C_LANGUAGE_STANDARD = gnu99;
				GCC_NO_COMMON_BLOCKS = YES;
				GCC_WARN_64_TO_32_BIT_CONVERSION = YES;
				GCC_WARN_ABOUT_RETURN_TYPE = YES_ERROR;
				GCC_WARN_UNDECLARED_SELECTOR = YES;
				GCC_WARN_UNINITIALIZED_AUTOS = YES_AGGRESSIVE;
				GCC_WARN_UNUSED_FUNCTION = YES;
				GCC_WARN_UNUSED_VARIABLE = YES;
				IPHONEOS_DEPLOYMENT_TARGET = 9.0;
				MTL_ENABLE_DEBUG_INFO = NO;
				SDKROOT = iphoneos;
				SWIFT_OPTIMIZATION_LEVEL = "-Owholemodule";
				TARGETED_DEVICE_FAMILY = "1,2";
				VALIDATE_PRODUCT = YES;
			};
			name = Release;
		};
		30CBBC8E1E8287D700286A75 /* Debug */ = {
			isa = XCBuildConfiguration;
			baseConfigurationReference = 3A30B719D27F0E2FDC8732AE /* Pods-DTMHeatmapSwift3.debug.xcconfig */;
			buildSettings = {
				ASSETCATALOG_COMPILER_APPICON_NAME = AppIcon;
				DEVELOPMENT_TEAM = "";
				INFOPLIST_FILE = DTMHeatmapSwift3/Info.plist;
				LD_RUNPATH_SEARCH_PATHS = "$(inherited) @executable_path/Frameworks";
				PRODUCT_BUNDLE_IDENTIFIER = com.apps0309.DTMHeatmapSwift3;
				PRODUCT_NAME = "$(TARGET_NAME)";
				SWIFT_VERSION = 3.0;
			};
			name = Debug;
		};
		30CBBC8F1E8287D700286A75 /* Release */ = {
			isa = XCBuildConfiguration;
			baseConfigurationReference = 61C5B64CE41001ED9A4E8653 /* Pods-DTMHeatmapSwift3.release.xcconfig */;
			buildSettings = {
				ASSETCATALOG_COMPILER_APPICON_NAME = AppIcon;
				DEVELOPMENT_TEAM = "";
				INFOPLIST_FILE = DTMHeatmapSwift3/Info.plist;
				LD_RUNPATH_SEARCH_PATHS = "$(inherited) @executable_path/Frameworks";
				PRODUCT_BUNDLE_IDENTIFIER = com.apps0309.DTMHeatmapSwift3;
				PRODUCT_NAME = "$(TARGET_NAME)";
				SWIFT_VERSION = 3.0;
			};
			name = Release;
		};
/* End XCBuildConfiguration section */

/* Begin XCConfigurationList section */
		30CBBC761E8287D700286A75 /* Build configuration list for PBXProject "DTMHeatmapSwift3" */ = {
			isa = XCConfigurationList;
			buildConfigurations = (
				30CBBC8B1E8287D700286A75 /* Debug */,
				30CBBC8C1E8287D700286A75 /* Release */,
			);
			defaultConfigurationIsVisible = 0;
			defaultConfigurationName = Release;
		};
		30CBBC8D1E8287D700286A75 /* Build configuration list for PBXNativeTarget "DTMHeatmapSwift3" */ = {
			isa = XCConfigurationList;
			buildConfigurations = (
				30CBBC8E1E8287D700286A75 /* Debug */,
				30CBBC8F1E8287D700286A75 /* Release */,
			);
			defaultConfigurationIsVisible = 0;
			defaultConfigurationName = Release;
		};
/* End XCConfigurationList section */
	};
	rootObject = 30CBBC731E8287D700286A75 /* Project object */;
}
